
Microsoft Visual Studio Solution File, Format Version 12.00
# Visual Studio Version 16
VisualStudioVersion = 16.0.30204.135
MinimumVisualStudioVersion = 10.0.40219.1
Project("{2150E333-8FDC-42A3-9474-1A3956D46DE8}") = "1-Solution Items", "1-Solution Items", "{1DF34272-6536-44EC-9D4B-1C4F56365B85}"
	ProjectSection(SolutionItems) = preProject
		.editorconfig = .editorconfig
		Directory.Build.props = Directory.Build.props
		README.md = README.md
		stylecop.json = stylecop.json
		StyleCop.ruleset = StyleCop.ruleset
	EndProjectSection
EndProject
Project("{2150E333-8FDC-42A3-9474-1A3956D46DE8}") = "3-Services", "3-Services", "{F36BCF7E-EA1D-4FAB-B13F-24BF36A9ABE2}"
EndProject
Project("{2150E333-8FDC-42A3-9474-1A3956D46DE8}") = "4-Apps", "4-Apps", "{B7E75F99-38ED-42AA-AA91-9D36E912A4B0}"
EndProject
Project("{9A19103F-16F7-4668-BE54-9A1E7A4F7556}") = "SSSA.App.Worker", "src\Apps\SSSA.App.Worker\SSSA.App.Worker.csproj", "{9A7C10CC-13B8-459C-95A4-EFF58221DF42}"
EndProject
Project("{2150E333-8FDC-42A3-9474-1A3956D46DE8}") = "2-Building Blocks", "2-Building Blocks", "{7D2C34E7-B4BB-4F05-ACDA-D66D14DD8772}"
EndProject
Project("{2150E333-8FDC-42A3-9474-1A3956D46DE8}") = "Helper", "Helper", "{77163286-82C0-4FA6-AC1A-8FC27DA3C668}"
EndProject
Project("{9A19103F-16F7-4668-BE54-9A1E7A4F7556}") = "SSSA.Helper", "src\BuildingBlocks\SSSA.Helper\SSSA.Helper.csproj", "{1C2DA7FB-6F9A-440B-8CBA-C30786B9A5C9}"
EndProject
Project("{2150E333-8FDC-42A3-9474-1A3956D46DE8}") = "Etl", "Etl", "{9A72A4D6-6084-42A9-8E41-975BC479EBE6}"
EndProject
Project("{9A19103F-16F7-4668-BE54-9A1E7A4F7556}") = "SSSA.Etl.Domain", "src\Services\SSSA.Etl.Domain\SSSA.Etl.Domain.csproj", "{A180738E-5BCD-47C0-989A-E4A4C4750851}"
EndProject
Project("{2150E333-8FDC-42A3-9474-1A3956D46DE8}") = "Core", "Core", "{BE8B57CC-4AED-4057-9DFC-798BEFC47CF2}"
EndProject
Project("{9A19103F-16F7-4668-BE54-9A1E7A4F7556}") = "SSSA.Etl.Api", "src\Services\SSSA.Etl.Api\SSSA.Etl.Api.csproj", "{4411E07B-797D-4D97-91DB-E5352D2B382E}"
EndProject
Project("{FAE04EC0-301F-11D3-BF4B-00C04F79EFBC}") = "SSSA.Core.Api", "src\BuildingBlocks\SSSA.Core.Api\SSSA.Core.Api.csproj", "{0C0D28FC-D2B3-4AFA-AEA7-9FC9DDD35266}"
EndProject
Project("{2150E333-8FDC-42A3-9474-1A3956D46DE8}") = "Tests", "Tests", "{C2E26406-F0B9-4DDD-834C-F71DC5F2AAFA}"
EndProject
Project("{2150E333-8FDC-42A3-9474-1A3956D46DE8}") = "Tests", "Tests", "{E10CE01E-AA79-47C7-85A7-CC94AD8F8CE4}"
EndProject
Project("{FAE04EC0-301F-11D3-BF4B-00C04F79EFBC}") = "SSSA.Helper.Tests", "tests\SSSA.Helper.Tests\SSSA.Helper.Tests.csproj", "{01E52A6B-130A-4583-881D-4EB143561CA4}"
EndProject
Project("{FAE04EC0-301F-11D3-BF4B-00C04F79EFBC}") = "SSSA.Etl.Api.Tests", "tests\SSSA.Etl.Api.Tests\SSSA.Etl.Api.Tests.csproj", "{DD26F468-03AD-415F-B473-C773591F0FC1}"
EndProject
Project("{FAE04EC0-301F-11D3-BF4B-00C04F79EFBC}") = "SSSA.Etl.Domain.Tests", "tests\SSSA.Etl.Domain.Tests\SSSA.Etl.Domain.Tests.csproj", "{B23041BA-A702-4A5C-BCAC-E5DB4BB61524}"
EndProject
Global
	GlobalSection(SolutionConfigurationPlatforms) = preSolution
		Debug|Any CPU = Debug|Any CPU
		Release|Any CPU = Release|Any CPU
	EndGlobalSection
	GlobalSection(ProjectConfigurationPlatforms) = postSolution
		{9A7C10CC-13B8-459C-95A4-EFF58221DF42}.Debug|Any CPU.ActiveCfg = Debug|Any CPU
		{9A7C10CC-13B8-459C-95A4-EFF58221DF42}.Debug|Any CPU.Build.0 = Debug|Any CPU
		{9A7C10CC-13B8-459C-95A4-EFF58221DF42}.Release|Any CPU.ActiveCfg = Release|Any CPU
		{9A7C10CC-13B8-459C-95A4-EFF58221DF42}.Release|Any CPU.Build.0 = Release|Any CPU
		{1C2DA7FB-6F9A-440B-8CBA-C30786B9A5C9}.Debug|Any CPU.ActiveCfg = Debug|Any CPU
		{1C2DA7FB-6F9A-440B-8CBA-C30786B9A5C9}.Debug|Any CPU.Build.0 = Debug|Any CPU
		{1C2DA7FB-6F9A-440B-8CBA-C30786B9A5C9}.Release|Any CPU.ActiveCfg = Release|Any CPU
		{1C2DA7FB-6F9A-440B-8CBA-C30786B9A5C9}.Release|Any CPU.Build.0 = Release|Any CPU
		{A180738E-5BCD-47C0-989A-E4A4C4750851}.Debug|Any CPU.ActiveCfg = Debug|Any CPU
		{A180738E-5BCD-47C0-989A-E4A4C4750851}.Debug|Any CPU.Build.0 = Debug|Any CPU
		{A180738E-5BCD-47C0-989A-E4A4C4750851}.Release|Any CPU.ActiveCfg = Release|Any CPU
		{A180738E-5BCD-47C0-989A-E4A4C4750851}.Release|Any CPU.Build.0 = Release|Any CPU
		{4411E07B-797D-4D97-91DB-E5352D2B382E}.Debug|Any CPU.ActiveCfg = Debug|Any CPU
		{4411E07B-797D-4D97-91DB-E5352D2B382E}.Debug|Any CPU.Build.0 = Debug|Any CPU
		{4411E07B-797D-4D97-91DB-E5352D2B382E}.Release|Any CPU.ActiveCfg = Release|Any CPU
		{4411E07B-797D-4D97-91DB-E5352D2B382E}.Release|Any CPU.Build.0 = Release|Any CPU
		{0C0D28FC-D2B3-4AFA-AEA7-9FC9DDD35266}.Debug|Any CPU.ActiveCfg = Debug|Any CPU
		{0C0D28FC-D2B3-4AFA-AEA7-9FC9DDD35266}.Debug|Any CPU.Build.0 = Debug|Any CPU
		{0C0D28FC-D2B3-4AFA-AEA7-9FC9DDD35266}.Release|Any CPU.ActiveCfg = Release|Any CPU
		{0C0D28FC-D2B3-4AFA-AEA7-9FC9DDD35266}.Release|Any CPU.Build.0 = Release|Any CPU
		{01E52A6B-130A-4583-881D-4EB143561CA4}.Debug|Any CPU.ActiveCfg = Debug|Any CPU
		{01E52A6B-130A-4583-881D-4EB143561CA4}.Debug|Any CPU.Build.0 = Debug|Any CPU
		{01E52A6B-130A-4583-881D-4EB143561CA4}.Release|Any CPU.ActiveCfg = Release|Any CPU
		{01E52A6B-130A-4583-881D-4EB143561CA4}.Release|Any CPU.Build.0 = Release|Any CPU
		{DD26F468-03AD-415F-B473-C773591F0FC1}.Debug|Any CPU.ActiveCfg = Debug|Any CPU
		{DD26F468-03AD-415F-B473-C773591F0FC1}.Debug|Any CPU.Build.0 = Debug|Any CPU
		{DD26F468-03AD-415F-B473-C773591F0FC1}.Release|Any CPU.ActiveCfg = Release|Any CPU
		{DD26F468-03AD-415F-B473-C773591F0FC1}.Release|Any CPU.Build.0 = Release|Any CPU
		{B23041BA-A702-4A5C-BCAC-E5DB4BB61524}.Debug|Any CPU.ActiveCfg = Debug|Any CPU
		{B23041BA-A702-4A5C-BCAC-E5DB4BB61524}.Debug|Any CPU.Build.0 = Debug|Any CPU
		{B23041BA-A702-4A5C-BCAC-E5DB4BB61524}.Release|Any CPU.ActiveCfg = Release|Any CPU
		{B23041BA-A702-4A5C-BCAC-E5DB4BB61524}.Release|Any CPU.Build.0 = Release|Any CPU
	EndGlobalSection
	GlobalSection(SolutionProperties) = preSolution
		HideSolutionNode = FALSE
	EndGlobalSection
	GlobalSection(NestedProjects) = preSolution
		{9A7C10CC-13B8-459C-95A4-EFF58221DF42} = {B7E75F99-38ED-42AA-AA91-9D36E912A4B0}
		{77163286-82C0-4FA6-AC1A-8FC27DA3C668} = {7D2C34E7-B4BB-4F05-ACDA-D66D14DD8772}
		{1C2DA7FB-6F9A-440B-8CBA-C30786B9A5C9} = {77163286-82C0-4FA6-AC1A-8FC27DA3C668}
		{9A72A4D6-6084-42A9-8E41-975BC479EBE6} = {F36BCF7E-EA1D-4FAB-B13F-24BF36A9ABE2}
		{A180738E-5BCD-47C0-989A-E4A4C4750851} = {9A72A4D6-6084-42A9-8E41-975BC479EBE6}
		{BE8B57CC-4AED-4057-9DFC-798BEFC47CF2} = {7D2C34E7-B4BB-4F05-ACDA-D66D14DD8772}
		{4411E07B-797D-4D97-91DB-E5352D2B382E} = {9A72A4D6-6084-42A9-8E41-975BC479EBE6}
		{0C0D28FC-D2B3-4AFA-AEA7-9FC9DDD35266} = {BE8B57CC-4AED-4057-9DFC-798BEFC47CF2}
		{C2E26406-F0B9-4DDD-834C-F71DC5F2AAFA} = {9A72A4D6-6084-42A9-8E41-975BC479EBE6}
		{E10CE01E-AA79-47C7-85A7-CC94AD8F8CE4} = {77163286-82C0-4FA6-AC1A-8FC27DA3C668}
		{01E52A6B-130A-4583-881D-4EB143561CA4} = {E10CE01E-AA79-47C7-85A7-CC94AD8F8CE4}
		{DD26F468-03AD-415F-B473-C773591F0FC1} = {C2E26406-F0B9-4DDD-834C-F71DC5F2AAFA}
		{B23041BA-A702-4A5C-BCAC-E5DB4BB61524} = {C2E26406-F0B9-4DDD-834C-F71DC5F2AAFA}
	EndGlobalSection
	GlobalSection(ExtensibilityGlobals) = postSolution
		SolutionGuid = {B46FAEE3-7DF6-41C3-9D97-1B83C5EE8A83}
	EndGlobalSection
EndGlobal
